// !$*UTF8*$!
{
	archiveVersion = 1;
	classes = {
	};
	objectVersion = 46;
	objects = {

/* Begin PBXBuildFile section */
		8328F0981CBA038000CF14C8 /* main.m in Sources */ = {isa = PBXBuildFile; fileRef = 8328F0971CBA038000CF14C8 /* main.m */; };
		8328F09B1CBA038000CF14C8 /* AppDelegate.m in Sources */ = {isa = PBXBuildFile; fileRef = 8328F09A1CBA038000CF14C8 /* AppDelegate.m */; };
		8328F09E1CBA038000CF14C8 /* ViewController.m in Sources */ = {isa = PBXBuildFile; fileRef = 8328F09D1CBA038000CF14C8 /* ViewController.m */; };
		8328F0A11CBA038000CF14C8 /* Main.storyboard in Resources */ = {isa = PBXBuildFile; fileRef = 8328F09F1CBA038000CF14C8 /* Main.storyboard */; };
		8328F0A31CBA038000CF14C8 /* Assets.xcassets in Resources */ = {isa = PBXBuildFile; fileRef = 8328F0A21CBA038000CF14C8 /* Assets.xcassets */; };
		8328F0A61CBA038000CF14C8 /* LaunchScreen.storyboard in Resources */ = {isa = PBXBuildFile; fileRef = 8328F0A41CBA038000CF14C8 /* LaunchScreen.storyboard */; };
		8328F0B11CBA038000CF14C8 /* PruebaGitHubTests.m in Sources */ = {isa = PBXBuildFile; fileRef = 8328F0B01CBA038000CF14C8 /* PruebaGitHubTests.m */; };
		8328F0BC1CBA038000CF14C8 /* PruebaGitHubUITests.m in Sources */ = {isa = PBXBuildFile; fileRef = 8328F0BB1CBA038000CF14C8 /* PruebaGitHubUITests.m */; };
/* End PBXBuildFile section */

/* Begin PBXContainerItemProxy section */
		8328F0AD1CBA038000CF14C8 /* PBXContainerItemProxy */ = {
			isa = PBXContainerItemProxy;
			containerPortal = 8328F08B1CBA038000CF14C8 /* Project object */;
			proxyType = 1;
			remoteGlobalIDString = 8328F0921CBA038000CF14C8;
			remoteInfo = PruebaGitHub;
		};
		8328F0B81CBA038000CF14C8 /* PBXContainerItemProxy */ = {
			isa = PBXContainerItemProxy;
			containerPortal = 8328F08B1CBA038000CF14C8 /* Project object */;
			proxyType = 1;
			remoteGlobalIDString = 8328F0921CBA038000CF14C8;
			remoteInfo = PruebaGitHub;
		};
/* End PBXContainerItemProxy section */

/* Begin PBXFileReference section */
		8328F0931CBA038000CF14C8 /* PruebaGitHub.app */ = {isa = PBXFileReference; explicitFileType = wrapper.application; includeInIndex = 0; path = PruebaGitHub.app; sourceTree = BUILT_PRODUCTS_DIR; };
		8328F0971CBA038000CF14C8 /* main.m */ = {isa = PBXFileReference; lastKnownFileType = sourcecode.c.objc; path = main.m; sourceTree = "<group>"; };
		8328F0991CBA038000CF14C8 /* AppDelegate.h */ = {isa = PBXFileReference; lastKnownFileType = sourcecode.c.h; path = AppDelegate.h; sourceTree = "<group>"; };
		8328F09A1CBA038000CF14C8 /* AppDelegate.m */ = {isa = PBXFileReference; lastKnownFileType = sourcecode.c.objc; path = AppDelegate.m; sourceTree = "<group>"; };
		8328F09C1CBA038000CF14C8 /* ViewController.h */ = {isa = PBXFileReference; lastKnownFileType = sourcecode.c.h; path = ViewController.h; sourceTree = "<group>"; };
		8328F09D1CBA038000CF14C8 /* ViewController.m */ = {isa = PBXFileReference; lastKnownFileType = sourcecode.c.objc; path = ViewController.m; sourceTree = "<group>"; };
		8328F0A01CBA038000CF14C8 /* Base */ = {isa = PBXFileReference; lastKnownFileType = file.storyboard; name = Base; path = Base.lproj/Main.storyboard; sourceTree = "<group>"; };
		8328F0A21CBA038000CF14C8 /* Assets.xcassets */ = {isa = PBXFileReference; lastKnownFileType = folder.assetcatalog; path = Assets.xcassets; sourceTree = "<group>"; };
		8328F0A51CBA038000CF14C8 /* Base */ = {isa = PBXFileReference; lastKnownFileType = file.storyboard; name = Base; path = Base.lproj/LaunchScreen.storyboard; sourceTree = "<group>"; };
		8328F0A71CBA038000CF14C8 /* Info.plist */ = {isa = PBXFileReference; lastKnownFileType = text.plist.xml; path = Info.plist; sourceTree = "<group>"; };
		8328F0AC1CBA038000CF14C8 /* PruebaGitHubTests.xctest */ = {isa = PBXFileReference; explicitFileType = wrapper.cfbundle; includeInIndex = 0; path = PruebaGitHubTests.xctest; sourceTree = BUILT_PRODUCTS_DIR; };
		8328F0B01CBA038000CF14C8 /* PruebaGitHubTests.m */ = {isa = PBXFileReference; lastKnownFileType = sourcecode.c.objc; path = PruebaGitHubTests.m; sourceTree = "<group>"; };
		8328F0B21CBA038000CF14C8 /* Info.plist */ = {isa = PBXFileReference; lastKnownFileType = text.plist.xml; path = Info.plist; sourceTree = "<group>"; };
		8328F0B71CBA038000CF14C8 /* PruebaGitHubUITests.xctest */ = {isa = PBXFileReference; explicitFileType = wrapper.cfbundle; includeInIndex = 0; path = PruebaGitHubUITests.xctest; sourceTree = BUILT_PRODUCTS_DIR; };
		8328F0BB1CBA038000CF14C8 /* PruebaGitHubUITests.m */ = {isa = PBXFileReference; lastKnownFileType = sourcecode.c.objc; path = PruebaGitHubUITests.m; sourceTree = "<group>"; };
		8328F0BD1CBA038000CF14C8 /* Info.plist */ = {isa = PBXFileReference; lastKnownFileType = text.plist.xml; path = Info.plist; sourceTree = "<group>"; };
/* End PBXFileReference section */

/* Begin PBXFrameworksBuildPhase section */
		8328F0901CBA038000CF14C8 /* Frameworks */ = {
			isa = PBXFrameworksBuildPhase;
			buildActionMask = 2147483647;
			files = (
			);
			runOnlyForDeploymentPostprocessing = 0;
		};
		8328F0A91CBA038000CF14C8 /* Frameworks */ = {
			isa = PBXFrameworksBuildPhase;
			buildActionMask = 2147483647;
			files = (
			);
			runOnlyForDeploymentPostprocessing = 0;
		};
		8328F0B41CBA038000CF14C8 /* Frameworks */ = {
			isa = PBXFrameworksBuildPhase;
			buildActionMask = 2147483647;
			files = (
			);
			runOnlyForDeploymentPostprocessing = 0;
		};
/* End PBXFrameworksBuildPhase section */

/* Begin PBXGroup section */
		8328F08A1CBA038000CF14C8 = {
			isa = PBXGroup;
			children = (
				8328F0951CBA038000CF14C8 /* PruebaGitHub */,
				8328F0AF1CBA038000CF14C8 /* PruebaGitHubTests */,
				8328F0BA1CBA038000CF14C8 /* PruebaGitHubUITests */,
				8328F0941CBA038000CF14C8 /* Products */,
			);
			sourceTree = "<group>";
		};
		8328F0941CBA038000CF14C8 /* Products */ = {
			isa = PBXGroup;
			children = (
				8328F0931CBA038000CF14C8 /* PruebaGitHub.app */,
				8328F0AC1CBA038000CF14C8 /* PruebaGitHubTests.xctest */,
				8328F0B71CBA038000CF14C8 /* PruebaGitHubUITests.xctest */,
			);
			name = Products;
			sourceTree = "<group>";
		};
		8328F0951CBA038000CF14C8 /* PruebaGitHub */ = {
			isa = PBXGroup;
			children = (
				8328F0991CBA038000CF14C8 /* AppDelegate.h */,
				8328F09A1CBA038000CF14C8 /* AppDelegate.m */,
				8328F09C1CBA038000CF14C8 /* ViewController.h */,
				8328F09D1CBA038000CF14C8 /* ViewController.m */,
				8328F09F1CBA038000CF14C8 /* Main.storyboard */,
				8328F0A21CBA038000CF14C8 /* Assets.xcassets */,
				8328F0A41CBA038000CF14C8 /* LaunchScreen.storyboard */,
				8328F0A71CBA038000CF14C8 /* Info.plist */,
				8328F0961CBA038000CF14C8 /* Supporting Files */,
			);
			path = PruebaGitHub;
			sourceTree = "<group>";
		};
		8328F0961CBA038000CF14C8 /* Supporting Files */ = {
			isa = PBXGroup;
			children = (
				8328F0971CBA038000CF14C8 /* main.m */,
			);
			name = "Supporting Files";
			sourceTree = "<group>";
		};
		8328F0AF1CBA038000CF14C8 /* PruebaGitHubTests */ = {
			isa = PBXGroup;
			children = (
				8328F0B01CBA038000CF14C8 /* PruebaGitHubTests.m */,
				8328F0B21CBA038000CF14C8 /* Info.plist */,
			);
			path = PruebaGitHubTests;
			sourceTree = "<group>";
		};
		8328F0BA1CBA038000CF14C8 /* PruebaGitHubUITests */ = {
			isa = PBXGroup;
			children = (
				8328F0BB1CBA038000CF14C8 /* PruebaGitHubUITests.m */,
				8328F0BD1CBA038000CF14C8 /* Info.plist */,
			);
			path = PruebaGitHubUITests;
			sourceTree = "<group>";
		};
/* End PBXGroup section */

/* Begin PBXNativeTarget section */
		8328F0921CBA038000CF14C8 /* PruebaGitHub */ = {
			isa = PBXNativeTarget;
			buildConfigurationList = 8328F0C01CBA038000CF14C8 /* Build configuration list for PBXNativeTarget "PruebaGitHub" */;
			buildPhases = (
				8328F08F1CBA038000CF14C8 /* Sources */,
				8328F0901CBA038000CF14C8 /* Frameworks */,
				8328F0911CBA038000CF14C8 /* Resources */,
			);
			buildRules = (
			);
			dependencies = (
			);
			name = PruebaGitHub;
			productName = PruebaGitHub;
			productReference = 8328F0931CBA038000CF14C8 /* PruebaGitHub.app */;
			productType = "com.apple.product-type.application";
		};
		8328F0AB1CBA038000CF14C8 /* PruebaGitHubTests */ = {
			isa = PBXNativeTarget;
			buildConfigurationList = 8328F0C31CBA038000CF14C8 /* Build configuration list for PBXNativeTarget "PruebaGitHubTests" */;
			buildPhases = (
				8328F0A81CBA038000CF14C8 /* Sources */,
				8328F0A91CBA038000CF14C8 /* Frameworks */,
				8328F0AA1CBA038000CF14C8 /* Resources */,
			);
			buildRules = (
			);
			dependencies = (
				8328F0AE1CBA038000CF14C8 /* PBXTargetDependency */,
			);
			name = PruebaGitHubTests;
			productName = PruebaGitHubTests;
			productReference = 8328F0AC1CBA038000CF14C8 /* PruebaGitHubTests.xctest */;
			productType = "com.apple.product-type.bundle.unit-test";
		};
		8328F0B61CBA038000CF14C8 /* PruebaGitHubUITests */ = {
			isa = PBXNativeTarget;
			buildConfigurationList = 8328F0C61CBA038000CF14C8 /* Build configuration list for PBXNativeTarget "PruebaGitHubUITests" */;
			buildPhases = (
				8328F0B31CBA038000CF14C8 /* Sources */,
				8328F0B41CBA038000CF14C8 /* Frameworks */,
				8328F0B51CBA038000CF14C8 /* Resources */,
			);
			buildRules = (
			);
			dependencies = (
				8328F0B91CBA038000CF14C8 /* PBXTargetDependency */,
			);
			name = PruebaGitHubUITests;
			productName = PruebaGitHubUITests;
			productReference = 8328F0B71CBA038000CF14C8 /* PruebaGitHubUITests.xctest */;
			productType = "com.apple.product-type.bundle.ui-testing";
		};
/* End PBXNativeTarget section */

/* Begin PBXProject section */
		8328F08B1CBA038000CF14C8 /* Project object */ = {
			isa = PBXProject;
			attributes = {
				LastUpgradeCheck = 0730;
				ORGANIZATIONNAME = Administrador;
				TargetAttributes = {
					8328F0921CBA038000CF14C8 = {
						CreatedOnToolsVersion = 7.3;
					};
					8328F0AB1CBA038000CF14C8 = {
						CreatedOnToolsVersion = 7.3;
						TestTargetID = 8328F0921CBA038000CF14C8;
					};
					8328F0B61CBA038000CF14C8 = {
						CreatedOnToolsVersion = 7.3;
						TestTargetID = 8328F0921CBA038000CF14C8;
					};
				};
			};
			buildConfigurationList = 8328F08E1CBA038000CF14C8 /* Build configuration list for PBXProject "PruebaGitHub" */;
			compatibilityVersion = "Xcode 3.2";
			developmentRegion = English;
			hasScannedForEncodings = 0;
			knownRegions = (
				en,
				Base,
			);
			mainGroup = 8328F08A1CBA038000CF14C8;
			productRefGroup = 8328F0941CBA038000CF14C8 /* Products */;
			projectDirPath = "";
			projectRoot = "";
			targets = (
				8328F0921CBA038000CF14C8 /* PruebaGitHub */,
				8328F0AB1CBA038000CF14C8 /* PruebaGitHubTests */,
				8328F0B61CBA038000CF14C8 /* PruebaGitHubUITests */,
			);
		};
/* End PBXProject section */

/* Begin PBXResourcesBuildPhase section */
		8328F0911CBA038000CF14C8 /* Resources */ = {
			isa = PBXResourcesBuildPhase;
			buildActionMask = 2147483647;
			files = (
				8328F0A61CBA038000CF14C8 /* LaunchScreen.storyboard in Resources */,
				8328F0A31CBA038000CF14C8 /* Assets.xcassets in Resources */,
				8328F0A11CBA038000CF14C8 /* Main.storyboard in Resources */,
			);
			runOnlyForDeploymentPostprocessing = 0;
		};
		8328F0AA1CBA038000CF14C8 /* Resources */ = {
			isa = PBXResourcesBuildPhase;
			buildActionMask = 2147483647;
			files = (
			);
			runOnlyForDeploymentPostprocessing = 0;
		};
		8328F0B51CBA038000CF14C8 /* Resources */ = {
			isa = PBXResourcesBuildPhase;
			buildActionMask = 2147483647;
			files = (
			);
			runOnlyForDeploymentPostprocessing = 0;
		};
/* End PBXResourcesBuildPhase section */

/* Begin PBXSourcesBuildPhase section */
		8328F08F1CBA038000CF14C8 /* Sources */ = {
			isa = PBXSourcesBuildPhase;
			buildActionMask = 2147483647;
			files = (
				8328F09E1CBA038000CF14C8 /* ViewController.m in Sources */,
				8328F09B1CBA038000CF14C8 /* AppDelegate.m in Sources */,
				8328F0981CBA038000CF14C8 /* main.m in Sources */,
			);
			runOnlyForDeploymentPostprocessing = 0;
		};
		8328F0A81CBA038000CF14C8 /* Sources */ = {
			isa = PBXSourcesBuildPhase;
			buildActionMask = 2147483647;
			files = (
				8328F0B11CBA038000CF14C8 /* PruebaGitHubTests.m in Sources */,
			);
			runOnlyForDeploymentPostprocessing = 0;
		};
		8328F0B31CBA038000CF14C8 /* Sources */ = {
			isa = PBXSourcesBuildPhase;
			buildActionMask = 2147483647;
			files = (
				8328F0BC1CBA038000CF14C8 /* PruebaGitHubUITests.m in Sources */,
			);
			runOnlyForDeploymentPostprocessing = 0;
		};
/* End PBXSourcesBuildPhase section */

/* Begin PBXTargetDependency section */
		8328F0AE1CBA038000CF14C8 /* PBXTargetDependency */ = {
			isa = PBXTargetDependency;
			target = 8328F0921CBA038000CF14C8 /* PruebaGitHub */;
			targetProxy = 8328F0AD1CBA038000CF14C8 /* PBXContainerItemProxy */;
		};
		8328F0B91CBA038000CF14C8 /* PBXTargetDependency */ = {
			isa = PBXTargetDependency;
			target = 8328F0921CBA038000CF14C8 /* PruebaGitHub */;
			targetProxy = 8328F0B81CBA038000CF14C8 /* PBXContainerItemProxy */;
		};
/* End PBXTargetDependency section */

/* Begin PBXVariantGroup section */
		8328F09F1CBA038000CF14C8 /* Main.storyboard */ = {
			isa = PBXVariantGroup;
			children = (
				8328F0A01CBA038000CF14C8 /* Base */,
			);
			name = Main.storyboard;
			sourceTree = "<group>";
		};
		8328F0A41CBA038000CF14C8 /* LaunchScreen.storyboard */ = {
			isa = PBXVariantGroup;
			children = (
				8328F0A51CBA038000CF14C8 /* Base */,
			);
			name = LaunchScreen.storyboard;
			sourceTree = "<group>";
		};
/* End PBXVariantGroup section */

/* Begin XCBuildConfiguration section */
		8328F0BE1CBA038000CF14C8 /* Debug */ = {
			isa = XCBuildConfiguration;
			buildSettings = {
				ALWAYS_SEARCH_USER_PATHS = NO;
				CLANG_ANALYZER_NONNULL = YES;
				CLANG_CXX_LANGUAGE_STANDARD = "gnu++0x";
				CLANG_CXX_LIBRARY = "libc++";
				CLANG_ENABLE_MODULES = YES;
				CLANG_ENABLE_OBJC_ARC = YES;
				CLANG_WARN_BOOL_CONVERSION = YES;
				CLANG_WARN_CONSTANT_CONVERSION = YES;
				CLANG_WARN_DIRECT_OBJC_ISA_USAGE = YES_ERROR;
				CLANG_WARN_EMPTY_BODY = YES;
				CLANG_WARN_ENUM_CONVERSION = YES;
				CLANG_WARN_INT_CONVERSION = YES;
				CLANG_WARN_OBJC_ROOT_CLASS = YES_ERROR;
				CLANG_WARN_UNREACHABLE_CODE = YES;
				CLANG_WARN__DUPLICATE_METHOD_MATCH = YES;
				"CODE_SIGN_IDENTITY[sdk=iphoneos*]" = "iPhone Developer";
				COPY_PHASE_STRIP = NO;
				DEBUG_INFORMATION_FORMAT = dwarf;
				ENABLE_STRICT_OBJC_MSGSEND = YES;
				ENABLE_TESTABILITY = YES;
				GCC_C_LANGUAGE_STANDARD = gnu99;
				GCC_DYNAMIC_NO_PIC = NO;
				GCC_NO_COMMON_BLOCKS = YES;
				GCC_OPTIMIZATION_LEVEL = 0;
				GCC_PREPROCESSOR_DEFINITIONS = (
					"DEBUG=1",
					"$(inherited)",
				);
				GCC_WARN_64_TO_32_BIT_CONVERSION = YES;
				GCC_WARN_ABOUT_RETURN_TYPE = YES_ERROR;
				GCC_WARN_UNDECLARED_SELECTOR = YES;
				GCC_WARN_UNINITIALIZED_AUTOS = YES_AGGRESSIVE;
				GCC_WARN_UNUSED_FUNCTION = YES;
				GCC_WARN_UNUSED_VARIABLE = YES;
				IPHONEOS_DEPLOYMENT_TARGET = 9.3;
				MTL_ENABLE_DEBUG_INFO = YES;
				ONLY_ACTIVE_ARCH = YES;
				SDKROOT = iphoneos;
			};
			name = Debug;
		};
		8328F0BF1CBA038000CF14C8 /* Release */ = {
			isa = XCBuildConfiguration;
			buildSettings = {
				ALWAYS_SEARCH_USER_PATHS = NO;
				CLANG_ANALYZER_NONNULL = YES;
				CLANG_CXX_LANGUAGE_STANDARD = "gnu++0x";
				CLANG_CXX_LIBRARY = "libc++";
				CLANG_ENABLE_MODULES = YES;
				CLANG_ENABLE_OBJC_ARC = YES;
				CLANG_WARN_BOOL_CONVERSION = YES;
				CLANG_WARN_CONSTANT_CONVERSION = YES;
				CLANG_WARN_DIRECT_OBJC_ISA_USAGE = YES_ERROR;
				CLANG_WARN_EMPTY_BODY = YES;
				CLANG_WARN_ENUM_CONVERSION = YES;
				CLANG_WARN_INT_CONVERSION = YES;
				CLANG_WARN_OBJC_ROOT_CLASS = YES_ERROR;
				CLANG_WARN_UNREACHABLE_CODE = YES;
				CLANG_WARN__DUPLICATE_METHOD_MATCH = YES;
				"CODE_SIGN_IDENTITY[sdk=iphoneos*]" = "iPhone Developer";
				COPY_PHASE_STRIP = NO;
				DEBUG_INFORMATION_FORMAT = "dwarf-with-dsym";
				ENABLE_NS_ASSERTIONS = NO;
				ENABLE_STRICT_OBJC_MSGSEND = YES;
				GCC_C_LANGUAGE_STANDARD = gnu99;
				GCC_NO_COMMON_BLOCKS = YES;
				GCC_WARN_64_TO_32_BIT_CONVERSION = YES;
				GCC_WARN_ABOUT_RETURN_TYPE = YES_ERROR;
				GCC_WARN_UNDECLARED_SELECTOR = YES;
				GCC_WARN_UNINITIALIZED_AUTOS = YES_AGGRESSIVE;
				GCC_WARN_UNUSED_FUNCTION = YES;
				GCC_WARN_UNUSED_VARIABLE = YES;
				IPHONEOS_DEPLOYMENT_TARGET = 9.3;
				MTL_ENABLE_DEBUG_INFO = NO;
				SDKROOT = iphoneos;
				VALIDATE_PRODUCT = YES;
			};
			name = Release;
		};
		8328F0C11CBA038000CF14C8 /* Debug */ = {
			isa = XCBuildConfiguration;
			buildSettings = {
				ASSETCATALOG_COMPILER_APPICON_NAME = AppIcon;
				INFOPLIST_FILE = PruebaGitHub/Info.plist;
				LD_RUNPATH_SEARCH_PATHS = "$(inherited) @executable_path/Frameworks";
				PRODUCT_BUNDLE_IDENTIFIER = xGrunge.PruebaGitHub;
				PRODUCT_NAME = "$(TARGET_NAME)";
			};
			name = Debug;
		};
		8328F0C21CBA038000CF14C8 /* Release */ = {
			isa = XCBuildConfiguration;
			buildSettings = {
				ASSETCATALOG_COMPILER_APPICON_NAME = AppIcon;
				INFOPLIST_FILE = PruebaGitHub/Info.plist;
				LD_RUNPATH_SEARCH_PATHS = "$(inherited) @executable_path/Frameworks";
				PRODUCT_BUNDLE_IDENTIFIER = xGrunge.PruebaGitHub;
				PRODUCT_NAME = "$(TARGET_NAME)";
			};
			name = Release;
		};
		8328F0C41CBA038000CF14C8 /* Debug */ = {
			isa = XCBuildConfiguration;
			buildSettings = {
				BUNDLE_LOADER = "$(TEST_HOST)";
				INFOPLIST_FILE = PruebaGitHubTests/Info.plist;
				LD_RUNPATH_SEARCH_PATHS = "$(inherited) @executable_path/Frameworks @loader_path/Frameworks";
				PRODUCT_BUNDLE_IDENTIFIER = xGrunge.PruebaGitHubTests;
				PRODUCT_NAME = "$(TARGET_NAME)";
				TEST_HOST = "$(BUILT_PRODUCTS_DIR)/PruebaGitHub.app/PruebaGitHub";
			};
			name = Debug;
		};
		8328F0C51CBA038000CF14C8 /* Release */ = {
			isa = XCBuildConfiguration;
			buildSettings = {
				BUNDLE_LOADER = "$(TEST_HOST)";
				INFOPLIST_FILE = PruebaGitHubTests/Info.plist;
				LD_RUNPATH_SEARCH_PATHS = "$(inherited) @executable_path/Frameworks @loader_path/Frameworks";
				PRODUCT_BUNDLE_IDENTIFIER = xGrunge.PruebaGitHubTests;
				PRODUCT_NAME = "$(TARGET_NAME)";
				TEST_HOST = "$(BUILT_PRODUCTS_DIR)/PruebaGitHub.app/PruebaGitHub";
			};
			name = Release;
		};
		8328F0C71CBA038000CF14C8 /* Debug */ = {
			isa = XCBuildConfiguration;
			buildSettings = {
				INFOPLIST_FILE = PruebaGitHubUITests/Info.plist;
				LD_RUNPATH_SEARCH_PATHS = "$(inherited) @executable_path/Frameworks @loader_path/Frameworks";
				PRODUCT_BUNDLE_IDENTIFIER = xGrunge.PruebaGitHubUITests;
				PRODUCT_NAME = "$(TARGET_NAME)";
				TEST_TARGET_NAME = PruebaGitHub;
			};
			name = Debug;
		};
		8328F0C81CBA038000CF14C8 /* Release */ = {
			isa = XCBuildConfiguration;
			buildSettings = {
				INFOPLIST_FILE = PruebaGitHubUITests/Info.plist;
				LD_RUNPATH_SEARCH_PATHS = "$(inherited) @executable_path/Frameworks @loader_path/Frameworks";
				PRODUCT_BUNDLE_IDENTIFIER = xGrunge.PruebaGitHubUITests;
				PRODUCT_NAME = "$(TARGET_NAME)";
				TEST_TARGET_NAME = PruebaGitHub;
			};
			name = Release;
		};
/* End XCBuildConfiguration section */

/* Begin XCConfigurationList section */
		8328F08E1CBA038000CF14C8 /* Build configuration list for PBXProject "PruebaGitHub" */ = {
			isa = XCConfigurationList;
			buildConfigurations = (
				8328F0BE1CBA038000CF14C8 /* Debug */,
				8328F0BF1CBA038000CF14C8 /* Release */,
			);
			defaultConfigurationIsVisible = 0;
			defaultConfigurationName = Release;
		};
		8328F0C01CBA038000CF14C8 /* Build configuration list for PBXNativeTarget "PruebaGitHub" */ = {
			isa = XCConfigurationList;
			buildConfigurations = (
				8328F0C11CBA038000CF14C8 /* Debug */,
				8328F0C21CBA038000CF14C8 /* Release */,
			);
			defaultConfigurationIsVisible = 0;
		};
		8328F0C31CBA038000CF14C8 /* Build configuration list for PBXNativeTarget "PruebaGitHubTests" */ = {
			isa = XCConfigurationList;
			buildConfigurations = (
				8328F0C41CBA038000CF14C8 /* Debug */,
				8328F0C51CBA038000CF14C8 /* Release */,
			);
			defaultConfigurationIsVisible = 0;
		};
		8328F0C61CBA038000CF14C8 /* Build configuration list for PBXNativeTarget "PruebaGitHubUITests" */ = {
			isa = XCConfigurationList;
			buildConfigurations = (
				8328F0C71CBA038000CF14C8 /* Debug */,
				8328F0C81CBA038000CF14C8 /* Release */,
			);
			defaultConfigurationIsVisible = 0;
		};
/* End XCConfigurationList section */
	};
	rootObject = 8328F08B1CBA038000CF14C8 /* Project object */;
}
